
Microsoft Visual Studio Solution File, Format Version 12.00
# Visual Studio Version 17
VisualStudioVersion = 17.4.33205.214
MinimumVisualStudioVersion = 10.0.40219.1
Project("{FAE04EC0-301F-11D3-BF4B-00C04F79EFBC}") = "VersaLootFilterD4", "VersaLootFilterD4\VersaLootFilterD4.csproj", "{A056BA96-A8B4-4726-A9AA-297A7CE2BF6E}"
EndProject
Project("{FAE04EC0-301F-11D3-BF4B-00C04F79EFBC}") = "VersaScreenCapture", "VersaScreenCapture\VersaScreenCapture.csproj", "{C1835C5D-F4AB-4BE4-BDC9-2EC510A6870D}"
EndProject
Global
	GlobalSection(SolutionConfigurationPlatforms) = preSolution
		Debug|Any CPU = Debug|Any CPU
		Debug|x86 = Debug|x86
		Release|Any CPU = Release|Any CPU
		Release|x86 = Release|x86
	EndGlobalSection
	GlobalSection(ProjectConfigurationPlatforms) = postSolution
		{A056BA96-A8B4-4726-A9AA-297A7CE2BF6E}.Debug|Any CPU.ActiveCfg = Debug|Any CPU
		{A056BA96-A8B4-4726-A9AA-297A7CE2BF6E}.Debug|Any CPU.Build.0 = Debug|Any CPU
		{A056BA96-A8B4-4726-A9AA-297A7CE2BF6E}.Debug|x86.ActiveCfg = Debug|Any CPU
		{A056BA96-A8B4-4726-A9AA-297A7CE2BF6E}.Debug|x86.Build.0 = Debug|Any CPU
		{A056BA96-A8B4-4726-A9AA-297A7CE2BF6E}.Release|Any CPU.ActiveCfg = Release|Any CPU
		{A056BA96-A8B4-4726-A9AA-297A7CE2BF6E}.Release|Any CPU.Build.0 = Release|Any CPU
		{A056BA96-A8B4-4726-A9AA-297A7CE2BF6E}.Release|x86.ActiveCfg = Release|Any CPU
		{A056BA96-A8B4-4726-A9AA-297A7CE2BF6E}.Release|x86.Build.0 = Release|Any CPU
		{C1835C5D-F4AB-4BE4-BDC9-2EC510A6870D}.Debug|Any CPU.ActiveCfg = Debug|Any CPU
		{C1835C5D-F4AB-4BE4-BDC9-2EC510A6870D}.Debug|Any CPU.Build.0 = Debug|Any CPU
		{C1835C5D-F4AB-4BE4-BDC9-2EC510A6870D}.Debug|x86.ActiveCfg = Debug|Win32
		{C1835C5D-F4AB-4BE4-BDC9-2EC510A6870D}.Debug|x86.Build.0 = Debug|Win32
		{C1835C5D-F4AB-4BE4-BDC9-2EC510A6870D}.Release|Any CPU.ActiveCfg = Release|Any CPU
		{C1835C5D-F4AB-4BE4-BDC9-2EC510A6870D}.Release|Any CPU.Build.0 = Release|Any CPU
		{C1835C5D-F4AB-4BE4-BDC9-2EC510A6870D}.Release|x86.ActiveCfg = Release|Win32
		{C1835C5D-F4AB-4BE4-BDC9-2EC510A6870D}.Release|x86.Build.0 = Release|Win32
	EndGlobalSection
	GlobalSection(SolutionProperties) = preSolution
		HideSolutionNode = FALSE
	EndGlobalSection
	GlobalSection(ExtensibilityGlobals) = postSolution
		SolutionGuid = {63CD200F-A226-4FEB-81F5-7D56F9F3BC5C}
	EndGlobalSection
EndGlobal
